
Microsoft Visual Studio Solution File, Format Version 12.00
# Visual Studio 14
VisualStudioVersion = 14.0.23107.0
MinimumVisualStudioVersion = 10.0.40219.1
Project("{FAE04EC0-301F-11D3-BF4B-00C04F79EFBC}") = "AngeloSanches_CMPE2300_Lab1", "AngeloSanches_CMPE2300_Lab1\AngeloSanches_CMPE2300_Lab1.csproj", "{933D9C9A-C416-4547-926A-9A72A523A109}"
EndProject
Global
	GlobalSection(SolutionConfigurationPlatforms) = preSolution
		Debug|Any CPU = Debug|Any CPU
		Release|Any CPU = Release|Any CPU
	EndGlobalSection
	GlobalSection(ProjectConfigurationPlatforms) = postSolution
		{933D9C9A-C416-4547-926A-9A72A523A109}.Debug|Any CPU.ActiveCfg = Debug|Any CPU
		{933D9C9A-C416-4547-926A-9A72A523A109}.Debug|Any CPU.Build.0 = Debug|Any CPU
		{933D9C9A-C416-4547-926A-9A72A523A109}.Release|Any CPU.ActiveCfg = Release|Any CPU
		{933D9C9A-C416-4547-926A-9A72A523A109}.Release|Any CPU.Build.0 = Release|Any CPU
	EndGlobalSection
	GlobalSection(SolutionProperties) = preSolution
		HideSolutionNode = FALSE
	EndGlobalSection
EndGlobal
